
Microsoft Visual Studio Solution File, Format Version 12.00
# Visual Studio 15
VisualStudioVersion = 15.0.28010.2041
MinimumVisualStudioVersion = 10.0.40219.1
Project("{FAE04EC0-301F-11D3-BF4B-00C04F79EFBC}") = "Common.Logging", "Common.Logging\Common.Logging.csproj", "{3ECFFC7F-E692-4C8C-9A19-1B36DB697F77}"
EndProject
Project("{00D1A9C2-B5F0-4AF3-8072-F6C62B433612}") = "TradeshowTravel.Database", "TradeshowTravel.Database\TradeshowTravel.Database.sqlproj", "{711F06E6-8D7F-4BF4-8580-CC17ABD1F867}"
EndProject
Project("{FAE04EC0-301F-11D3-BF4B-00C04F79EFBC}") = "TradeshowTravel.Data", "TradeshowTravel.Data\TradeshowTravel.Data.csproj", "{59F4B2E6-B6F0-4D62-81A8-A0067C0556B9}"
EndProject
Project("{FAE04EC0-301F-11D3-BF4B-00C04F79EFBC}") = "TradeshowTravel.Domain", "TradeshowTravel.Domain\TradeshowTravel.Domain.csproj", "{F58C15BF-E8A6-4722-B138-FBC741A55FDB}"
EndProject
Project("{FAE04EC0-301F-11D3-BF4B-00C04F79EFBC}") = "TradeshowTravel.ECA", "TradeshowTravel.ECA\TradeshowTravel.ECA.csproj", "{6901C8B9-8F17-47B1-832F-08DDE8150E98}"
EndProject
Project("{FAE04EC0-301F-11D3-BF4B-00C04F79EFBC}") = "TradeshowTravel.Web", "TradeshowTravel.Web\TradeshowTravel.Web.csproj", "{70E028EC-F45E-43AD-B57B-A17C1AEE459F}"
EndProject
Project("{2150E333-8FDC-42A3-9474-1A3956D46DE8}") = "Telerik", "Telerik", "{9CA5C41B-0012-4ABA-A3F9-3C14437CC05E}"
	ProjectSection(SolutionItems) = preProject
		Telerik\Telerik.Documents.SpreadsheetStreaming.dll = Telerik\Telerik.Documents.SpreadsheetStreaming.dll
		Telerik\Telerik.Documents.SpreadsheetStreaming.xml = Telerik\Telerik.Documents.SpreadsheetStreaming.xml
		Telerik\Telerik.Windows.Documents.Core.dll = Telerik\Telerik.Windows.Documents.Core.dll
		Telerik\Telerik.Windows.Documents.Core.xml = Telerik\Telerik.Windows.Documents.Core.xml
		Telerik\Telerik.Windows.Documents.Spreadsheet.dll = Telerik\Telerik.Windows.Documents.Spreadsheet.dll
		Telerik\Telerik.Windows.Documents.Spreadsheet.FormatProviders.OpenXml.dll = Telerik\Telerik.Windows.Documents.Spreadsheet.FormatProviders.OpenXml.dll
		Telerik\Telerik.Windows.Documents.Spreadsheet.FormatProviders.OpenXml.xml = Telerik\Telerik.Windows.Documents.Spreadsheet.FormatProviders.OpenXml.xml
		Telerik\Telerik.Windows.Documents.Spreadsheet.xml = Telerik\Telerik.Windows.Documents.Spreadsheet.xml
		Telerik\Telerik.Windows.Zip.dll = Telerik\Telerik.Windows.Zip.dll
		Telerik\Telerik.Windows.Zip.Extensions.dll = Telerik\Telerik.Windows.Zip.Extensions.dll
		Telerik\Telerik.Windows.Zip.Extensions.xml = Telerik\Telerik.Windows.Zip.Extensions.xml
		Telerik\Telerik.Windows.Zip.xml = Telerik\Telerik.Windows.Zip.xml
	EndProjectSection
EndProject
Project("{2150E333-8FDC-42A3-9474-1A3956D46DE8}") = "AngularClient", "AngularClient", "{58D220D4-D268-41D5-968C-0BA61D699147}"
	ProjectSection(SolutionItems) = preProject
		TradeshowTravel.Client.zip = TradeshowTravel.Client.zip
	EndProjectSection
EndProject
Project("{FAE04EC0-301F-11D3-BF4B-00C04F79EFBC}") = "TradeshowTravel.ScheduledTask", "TradeshowTravel.ScheduledTask\TradeshowTravel.ScheduledTask.csproj", "{A15AFDFC-1AD9-4C53-831F-1EB6FD00E053}"
EndProject
Project("{2150E333-8FDC-42A3-9474-1A3956D46DE8}") = "Solution Items", "Solution Items", "{BB960487-ECBC-4089-8FC7-AA46EC994BBE}"
	ProjectSection(SolutionItems) = preProject
		.gitignore = .gitignore
	EndProjectSection
EndProject
Global
	GlobalSection(SolutionConfigurationPlatforms) = preSolution
		Debug|Any CPU = Debug|Any CPU
		Release|Any CPU = Release|Any CPU
	EndGlobalSection
	GlobalSection(ProjectConfigurationPlatforms) = postSolution
		{3ECFFC7F-E692-4C8C-9A19-1B36DB697F77}.Debug|Any CPU.ActiveCfg = Debug|Any CPU
		{3ECFFC7F-E692-4C8C-9A19-1B36DB697F77}.Debug|Any CPU.Build.0 = Debug|Any CPU
		{3ECFFC7F-E692-4C8C-9A19-1B36DB697F77}.Release|Any CPU.ActiveCfg = Release|Any CPU
		{3ECFFC7F-E692-4C8C-9A19-1B36DB697F77}.Release|Any CPU.Build.0 = Release|Any CPU
		{711F06E6-8D7F-4BF4-8580-CC17ABD1F867}.Debug|Any CPU.ActiveCfg = Debug|Any CPU
		{711F06E6-8D7F-4BF4-8580-CC17ABD1F867}.Debug|Any CPU.Build.0 = Debug|Any CPU
		{711F06E6-8D7F-4BF4-8580-CC17ABD1F867}.Debug|Any CPU.Deploy.0 = Debug|Any CPU
		{711F06E6-8D7F-4BF4-8580-CC17ABD1F867}.Release|Any CPU.ActiveCfg = Release|Any CPU
		{711F06E6-8D7F-4BF4-8580-CC17ABD1F867}.Release|Any CPU.Build.0 = Release|Any CPU
		{711F06E6-8D7F-4BF4-8580-CC17ABD1F867}.Release|Any CPU.Deploy.0 = Release|Any CPU
		{59F4B2E6-B6F0-4D62-81A8-A0067C0556B9}.Debug|Any CPU.ActiveCfg = Debug|Any CPU
		{59F4B2E6-B6F0-4D62-81A8-A0067C0556B9}.Debug|Any CPU.Build.0 = Debug|Any CPU
		{59F4B2E6-B6F0-4D62-81A8-A0067C0556B9}.Release|Any CPU.ActiveCfg = Release|Any CPU
		{59F4B2E6-B6F0-4D62-81A8-A0067C0556B9}.Release|Any CPU.Build.0 = Release|Any CPU
		{F58C15BF-E8A6-4722-B138-FBC741A55FDB}.Debug|Any CPU.ActiveCfg = Debug|Any CPU
		{F58C15BF-E8A6-4722-B138-FBC741A55FDB}.Debug|Any CPU.Build.0 = Debug|Any CPU
		{F58C15BF-E8A6-4722-B138-FBC741A55FDB}.Release|Any CPU.ActiveCfg = Release|Any CPU
		{F58C15BF-E8A6-4722-B138-FBC741A55FDB}.Release|Any CPU.Build.0 = Release|Any CPU
		{6901C8B9-8F17-47B1-832F-08DDE8150E98}.Debug|Any CPU.ActiveCfg = Debug|Any CPU
		{6901C8B9-8F17-47B1-832F-08DDE8150E98}.Debug|Any CPU.Build.0 = Debug|Any CPU
		{6901C8B9-8F17-47B1-832F-08DDE8150E98}.Release|Any CPU.ActiveCfg = Release|Any CPU
		{6901C8B9-8F17-47B1-832F-08DDE8150E98}.Release|Any CPU.Build.0 = Release|Any CPU
		{70E028EC-F45E-43AD-B57B-A17C1AEE459F}.Debug|Any CPU.ActiveCfg = Debug|Any CPU
		{70E028EC-F45E-43AD-B57B-A17C1AEE459F}.Debug|Any CPU.Build.0 = Debug|Any CPU
		{70E028EC-F45E-43AD-B57B-A17C1AEE459F}.Release|Any CPU.ActiveCfg = Release|Any CPU
		{70E028EC-F45E-43AD-B57B-A17C1AEE459F}.Release|Any CPU.Build.0 = Release|Any CPU
		{A15AFDFC-1AD9-4C53-831F-1EB6FD00E053}.Debug|Any CPU.ActiveCfg = Debug|Any CPU
		{A15AFDFC-1AD9-4C53-831F-1EB6FD00E053}.Debug|Any CPU.Build.0 = Debug|Any CPU
		{A15AFDFC-1AD9-4C53-831F-1EB6FD00E053}.Release|Any CPU.ActiveCfg = Release|Any CPU
		{A15AFDFC-1AD9-4C53-831F-1EB6FD00E053}.Release|Any CPU.Build.0 = Release|Any CPU
	EndGlobalSection
	GlobalSection(SolutionProperties) = preSolution
		HideSolutionNode = FALSE
	EndGlobalSection
	GlobalSection(ExtensibilityGlobals) = postSolution
		SolutionGuid = {64B8CB41-7839-4CC9-8BC6-09925FFF0C59}
	EndGlobalSection
EndGlobal
